
Microsoft Visual Studio Solution File, Format Version 12.00
# Visual Studio Version 17
VisualStudioVersion = 17.0.31903.59
MinimumVisualStudioVersion = 10.0.40219.1
Project("{FAE04EC0-301F-11D3-BF4B-00C04F79EFBC}") = "baja-silver.Api", "baja-silver.Api\baja-silver.Api.csproj", "{E5EE7667-DE4D-4A55-9F72-95D63A8EEE0C}"
EndProject
Project("{FAE04EC0-301F-11D3-BF4B-00C04F79EFBC}") = "baja-silver.Domain", "baja-silver.Domain\baja-silver.Domain.csproj", "{F7ACCF87-704F-4328-8E20-0BFA02811EDC}"
EndProject
Global
	GlobalSection(SolutionConfigurationPlatforms) = preSolution
		Debug|Any CPU = Debug|Any CPU
		Release|Any CPU = Release|Any CPU
	EndGlobalSection
	GlobalSection(SolutionProperties) = preSolution
		HideSolutionNode = FALSE
	EndGlobalSection
	GlobalSection(ProjectConfigurationPlatforms) = postSolution
		{E5EE7667-DE4D-4A55-9F72-95D63A8EEE0C}.Debug|Any CPU.ActiveCfg = Debug|Any CPU
		{E5EE7667-DE4D-4A55-9F72-95D63A8EEE0C}.Debug|Any CPU.Build.0 = Debug|Any CPU
		{E5EE7667-DE4D-4A55-9F72-95D63A8EEE0C}.Release|Any CPU.ActiveCfg = Release|Any CPU
		{E5EE7667-DE4D-4A55-9F72-95D63A8EEE0C}.Release|Any CPU.Build.0 = Release|Any CPU
		{F7ACCF87-704F-4328-8E20-0BFA02811EDC}.Debug|Any CPU.ActiveCfg = Debug|Any CPU
		{F7ACCF87-704F-4328-8E20-0BFA02811EDC}.Debug|Any CPU.Build.0 = Debug|Any CPU
		{F7ACCF87-704F-4328-8E20-0BFA02811EDC}.Release|Any CPU.ActiveCfg = Release|Any CPU
		{F7ACCF87-704F-4328-8E20-0BFA02811EDC}.Release|Any CPU.Build.0 = Release|Any CPU
	EndGlobalSection
EndGlobal
